
Microsoft Visual Studio Solution File, Format Version 12.00
# Visual Studio Version 17
VisualStudioVersion = 17.0.31903.59
MinimumVisualStudioVersion = 10.0.40219.1
Project("{9A19103F-16F7-4668-BE54-9A1E7A4F7556}") = "FF.Sim.Windows.Base", "FF.Sim.Windows.Base\FF.Sim.Windows.Base.csproj", "{BFF1DBAB-7578-4F85-ACFF-7A565D90A359}"
EndProject
Project("{9A19103F-16F7-4668-BE54-9A1E7A4F7556}") = "FF.Sim.Windows.Shell", "FF.Sim.Windows.Shell\FF.Sim.Windows.Shell.csproj", "{CA22F1AE-5DBD-4498-ABC8-0E51DCC09E9F}"
EndProject
Project("{9A19103F-16F7-4668-BE54-9A1E7A4F7556}") = "FF.Sim.Windows.Module", "Modules\FF.Sim.Windows.Module\FF.Sim.Windows.Module.csproj", "{2CF8C7BA-A8EF-4AC0-B05C-C16EFBDB7382}"
EndProject
Global
	GlobalSection(SolutionConfigurationPlatforms) = preSolution
		Debug|Any CPU = Debug|Any CPU
		Release|Any CPU = Release|Any CPU
	EndGlobalSection
	GlobalSection(ProjectConfigurationPlatforms) = postSolution
		{BFF1DBAB-7578-4F85-ACFF-7A565D90A359}.Debug|Any CPU.ActiveCfg = Debug|Any CPU
		{BFF1DBAB-7578-4F85-ACFF-7A565D90A359}.Debug|Any CPU.Build.0 = Debug|Any CPU
		{BFF1DBAB-7578-4F85-ACFF-7A565D90A359}.Release|Any CPU.ActiveCfg = Release|Any CPU
		{BFF1DBAB-7578-4F85-ACFF-7A565D90A359}.Release|Any CPU.Build.0 = Release|Any CPU
		{CA22F1AE-5DBD-4498-ABC8-0E51DCC09E9F}.Debug|Any CPU.ActiveCfg = Debug|Any CPU
		{CA22F1AE-5DBD-4498-ABC8-0E51DCC09E9F}.Debug|Any CPU.Build.0 = Debug|Any CPU
		{CA22F1AE-5DBD-4498-ABC8-0E51DCC09E9F}.Release|Any CPU.ActiveCfg = Release|Any CPU
		{CA22F1AE-5DBD-4498-ABC8-0E51DCC09E9F}.Release|Any CPU.Build.0 = Release|Any CPU
		{2CF8C7BA-A8EF-4AC0-B05C-C16EFBDB7382}.Debug|Any CPU.ActiveCfg = Debug|Any CPU
		{2CF8C7BA-A8EF-4AC0-B05C-C16EFBDB7382}.Debug|Any CPU.Build.0 = Debug|Any CPU
		{2CF8C7BA-A8EF-4AC0-B05C-C16EFBDB7382}.Release|Any CPU.ActiveCfg = Release|Any CPU
		{2CF8C7BA-A8EF-4AC0-B05C-C16EFBDB7382}.Release|Any CPU.Build.0 = Release|Any CPU
	EndGlobalSection
	GlobalSection(SolutionProperties) = preSolution
		HideSolutionNode = FALSE
	EndGlobalSection
	GlobalSection(ExtensibilityGlobals) = postSolution
		SolutionGuid = {DF6C5F46-D432-4EBA-B8FE-BF8BE2391F21}
	EndGlobalSection
EndGlobal
